// !$*UTF8*$!
{
	archiveVersion = 1;
	classes = {
	};
	objectVersion = 50;
	objects = {

/* Begin PBXBuildFile section */
		D52922522205BE0700508F94 /* AppDelegate.swift in Sources */ = {isa = PBXBuildFile; fileRef = D52922512205BE0700508F94 /* AppDelegate.swift */; };
		D52922542205BE0700508F94 /* ViewController.swift in Sources */ = {isa = PBXBuildFile; fileRef = D52922532205BE0700508F94 /* ViewController.swift */; };
		D52922572205BE0700508F94 /* Main.storyboard in Resources */ = {isa = PBXBuildFile; fileRef = D52922552205BE0700508F94 /* Main.storyboard */; };
		D52922592205BE0900508F94 /* Assets.xcassets in Resources */ = {isa = PBXBuildFile; fileRef = D52922582205BE0900508F94 /* Assets.xcassets */; };
		D529225C2205BE0900508F94 /* LaunchScreen.storyboard in Resources */ = {isa = PBXBuildFile; fileRef = D529225A2205BE0900508F94 /* LaunchScreen.storyboard */; };
		D52922672205BE0A00508F94 /* TinderTests.swift in Sources */ = {isa = PBXBuildFile; fileRef = D52922662205BE0A00508F94 /* TinderTests.swift */; };
		D52922722205BE0A00508F94 /* TinderUITests.swift in Sources */ = {isa = PBXBuildFile; fileRef = D52922712205BE0A00508F94 /* TinderUITests.swift */; };
		D52922812205C3F100508F94 /* Extensions.swift in Sources */ = {isa = PBXBuildFile; fileRef = D52922802205C3F100508F94 /* Extensions.swift */; };
		D52922842205D39500508F94 /* HomeButtonStackViiew.swift in Sources */ = {isa = PBXBuildFile; fileRef = D52922832205D39500508F94 /* HomeButtonStackViiew.swift */; };
		D52922862205DECE00508F94 /* TopNavigationStackView.swift in Sources */ = {isa = PBXBuildFile; fileRef = D52922852205DECE00508F94 /* TopNavigationStackView.swift */; };
		D52922882205E61C00508F94 /* CardView.swift in Sources */ = {isa = PBXBuildFile; fileRef = D52922872205E61C00508F94 /* CardView.swift */; };
/* End PBXBuildFile section */

/* Begin PBXContainerItemProxy section */
		D52922632205BE0A00508F94 /* PBXContainerItemProxy */ = {
			isa = PBXContainerItemProxy;
			containerPortal = D52922462205BE0700508F94 /* Project object */;
			proxyType = 1;
			remoteGlobalIDString = D529224D2205BE0700508F94;
			remoteInfo = Tinder;
		};
		D529226E2205BE0A00508F94 /* PBXContainerItemProxy */ = {
			isa = PBXContainerItemProxy;
			containerPortal = D52922462205BE0700508F94 /* Project object */;
			proxyType = 1;
			remoteGlobalIDString = D529224D2205BE0700508F94;
			remoteInfo = Tinder;
		};
/* End PBXContainerItemProxy section */

/* Begin PBXFileReference section */
		D529224E2205BE0700508F94 /* Tinder.app */ = {isa = PBXFileReference; explicitFileType = wrapper.application; includeInIndex = 0; path = Tinder.app; sourceTree = BUILT_PRODUCTS_DIR; };
		D52922512205BE0700508F94 /* AppDelegate.swift */ = {isa = PBXFileReference; lastKnownFileType = sourcecode.swift; path = AppDelegate.swift; sourceTree = "<group>"; };
		D52922532205BE0700508F94 /* ViewController.swift */ = {isa = PBXFileReference; lastKnownFileType = sourcecode.swift; path = ViewController.swift; sourceTree = "<group>"; };
		D52922562205BE0700508F94 /* Base */ = {isa = PBXFileReference; lastKnownFileType = file.storyboard; name = Base; path = Base.lproj/Main.storyboard; sourceTree = "<group>"; };
		D52922582205BE0900508F94 /* Assets.xcassets */ = {isa = PBXFileReference; lastKnownFileType = folder.assetcatalog; path = Assets.xcassets; sourceTree = "<group>"; };
		D529225B2205BE0900508F94 /* Base */ = {isa = PBXFileReference; lastKnownFileType = file.storyboard; name = Base; path = Base.lproj/LaunchScreen.storyboard; sourceTree = "<group>"; };
		D529225D2205BE0900508F94 /* Info.plist */ = {isa = PBXFileReference; lastKnownFileType = text.plist.xml; path = Info.plist; sourceTree = "<group>"; };
		D52922622205BE0A00508F94 /* TinderTests.xctest */ = {isa = PBXFileReference; explicitFileType = wrapper.cfbundle; includeInIndex = 0; path = TinderTests.xctest; sourceTree = BUILT_PRODUCTS_DIR; };
		D52922662205BE0A00508F94 /* TinderTests.swift */ = {isa = PBXFileReference; lastKnownFileType = sourcecode.swift; path = TinderTests.swift; sourceTree = "<group>"; };
		D52922682205BE0A00508F94 /* Info.plist */ = {isa = PBXFileReference; lastKnownFileType = text.plist.xml; path = Info.plist; sourceTree = "<group>"; };
		D529226D2205BE0A00508F94 /* TinderUITests.xctest */ = {isa = PBXFileReference; explicitFileType = wrapper.cfbundle; includeInIndex = 0; path = TinderUITests.xctest; sourceTree = BUILT_PRODUCTS_DIR; };
		D52922712205BE0A00508F94 /* TinderUITests.swift */ = {isa = PBXFileReference; lastKnownFileType = sourcecode.swift; path = TinderUITests.swift; sourceTree = "<group>"; };
		D52922732205BE0A00508F94 /* Info.plist */ = {isa = PBXFileReference; lastKnownFileType = text.plist.xml; path = Info.plist; sourceTree = "<group>"; };
		D52922802205C3F100508F94 /* Extensions.swift */ = {isa = PBXFileReference; lastKnownFileType = sourcecode.swift; path = Extensions.swift; sourceTree = "<group>"; };
		D52922832205D39500508F94 /* HomeButtonStackViiew.swift */ = {isa = PBXFileReference; lastKnownFileType = sourcecode.swift; path = HomeButtonStackViiew.swift; sourceTree = "<group>"; };
		D52922852205DECE00508F94 /* TopNavigationStackView.swift */ = {isa = PBXFileReference; lastKnownFileType = sourcecode.swift; path = TopNavigationStackView.swift; sourceTree = "<group>"; };
		D52922872205E61C00508F94 /* CardView.swift */ = {isa = PBXFileReference; lastKnownFileType = sourcecode.swift; path = CardView.swift; sourceTree = "<group>"; };
/* End PBXFileReference section */

/* Begin PBXFrameworksBuildPhase section */
		D529224B2205BE0700508F94 /* Frameworks */ = {
			isa = PBXFrameworksBuildPhase;
			buildActionMask = 2147483647;
			files = (
			);
			runOnlyForDeploymentPostprocessing = 0;
		};
		D529225F2205BE0A00508F94 /* Frameworks */ = {
			isa = PBXFrameworksBuildPhase;
			buildActionMask = 2147483647;
			files = (
			);
			runOnlyForDeploymentPostprocessing = 0;
		};
		D529226A2205BE0A00508F94 /* Frameworks */ = {
			isa = PBXFrameworksBuildPhase;
			buildActionMask = 2147483647;
			files = (
			);
			runOnlyForDeploymentPostprocessing = 0;
		};
/* End PBXFrameworksBuildPhase section */

/* Begin PBXGroup section */
		D52922452205BE0700508F94 = {
			isa = PBXGroup;
			children = (
				D52922502205BE0700508F94 /* Tinder */,
				D52922652205BE0A00508F94 /* TinderTests */,
				D52922702205BE0A00508F94 /* TinderUITests */,
				D529224F2205BE0700508F94 /* Products */,
			);
			sourceTree = "<group>";
		};
		D529224F2205BE0700508F94 /* Products */ = {
			isa = PBXGroup;
			children = (
				D529224E2205BE0700508F94 /* Tinder.app */,
				D52922622205BE0A00508F94 /* TinderTests.xctest */,
				D529226D2205BE0A00508F94 /* TinderUITests.xctest */,
			);
			name = Products;
			sourceTree = "<group>";
		};
		D52922502205BE0700508F94 /* Tinder */ = {
			isa = PBXGroup;
			children = (
				D52922822205D34700508F94 /* Views */,
				D529227F2205BE2600508F94 /* Extensions */,
				D52922512205BE0700508F94 /* AppDelegate.swift */,
				D52922532205BE0700508F94 /* ViewController.swift */,
				D52922552205BE0700508F94 /* Main.storyboard */,
				D52922582205BE0900508F94 /* Assets.xcassets */,
				D529225A2205BE0900508F94 /* LaunchScreen.storyboard */,
				D529225D2205BE0900508F94 /* Info.plist */,
			);
			path = Tinder;
			sourceTree = "<group>";
		};
		D52922652205BE0A00508F94 /* TinderTests */ = {
			isa = PBXGroup;
			children = (
				D52922662205BE0A00508F94 /* TinderTests.swift */,
				D52922682205BE0A00508F94 /* Info.plist */,
			);
			path = TinderTests;
			sourceTree = "<group>";
		};
		D52922702205BE0A00508F94 /* TinderUITests */ = {
			isa = PBXGroup;
			children = (
				D52922712205BE0A00508F94 /* TinderUITests.swift */,
				D52922732205BE0A00508F94 /* Info.plist */,
			);
			path = TinderUITests;
			sourceTree = "<group>";
		};
		D529227F2205BE2600508F94 /* Extensions */ = {
			isa = PBXGroup;
			children = (
				D52922802205C3F100508F94 /* Extensions.swift */,
			);
			path = Extensions;
			sourceTree = "<group>";
		};
		D52922822205D34700508F94 /* Views */ = {
			isa = PBXGroup;
			children = (
				D52922832205D39500508F94 /* HomeButtonStackViiew.swift */,
				D52922852205DECE00508F94 /* TopNavigationStackView.swift */,
				D52922872205E61C00508F94 /* CardView.swift */,
			);
			path = Views;
			sourceTree = "<group>";
		};
/* End PBXGroup section */

/* Begin PBXNativeTarget section */
		D529224D2205BE0700508F94 /* Tinder */ = {
			isa = PBXNativeTarget;
			buildConfigurationList = D52922762205BE0A00508F94 /* Build configuration list for PBXNativeTarget "Tinder" */;
			buildPhases = (
				D529224A2205BE0700508F94 /* Sources */,
				D529224B2205BE0700508F94 /* Frameworks */,
				D529224C2205BE0700508F94 /* Resources */,
			);
			buildRules = (
			);
			dependencies = (
			);
			name = Tinder;
			productName = Tinder;
			productReference = D529224E2205BE0700508F94 /* Tinder.app */;
			productType = "com.apple.product-type.application";
		};
		D52922612205BE0A00508F94 /* TinderTests */ = {
			isa = PBXNativeTarget;
			buildConfigurationList = D52922792205BE0A00508F94 /* Build configuration list for PBXNativeTarget "TinderTests" */;
			buildPhases = (
				D529225E2205BE0A00508F94 /* Sources */,
				D529225F2205BE0A00508F94 /* Frameworks */,
				D52922602205BE0A00508F94 /* Resources */,
			);
			buildRules = (
			);
			dependencies = (
				D52922642205BE0A00508F94 /* PBXTargetDependency */,
			);
			name = TinderTests;
			productName = TinderTests;
			productReference = D52922622205BE0A00508F94 /* TinderTests.xctest */;
			productType = "com.apple.product-type.bundle.unit-test";
		};
		D529226C2205BE0A00508F94 /* TinderUITests */ = {
			isa = PBXNativeTarget;
			buildConfigurationList = D529227C2205BE0A00508F94 /* Build configuration list for PBXNativeTarget "TinderUITests" */;
			buildPhases = (
				D52922692205BE0A00508F94 /* Sources */,
				D529226A2205BE0A00508F94 /* Frameworks */,
				D529226B2205BE0A00508F94 /* Resources */,
			);
			buildRules = (
			);
			dependencies = (
				D529226F2205BE0A00508F94 /* PBXTargetDependency */,
			);
			name = TinderUITests;
			productName = TinderUITests;
			productReference = D529226D2205BE0A00508F94 /* TinderUITests.xctest */;
			productType = "com.apple.product-type.bundle.ui-testing";
		};
/* End PBXNativeTarget section */

/* Begin PBXProject section */
		D52922462205BE0700508F94 /* Project object */ = {
			isa = PBXProject;
			attributes = {
				LastSwiftUpdateCheck = 1010;
				LastUpgradeCheck = 1010;
				ORGANIZATIONNAME = "Daniil Vereschagin";
				TargetAttributes = {
					D529224D2205BE0700508F94 = {
						CreatedOnToolsVersion = 10.1;
					};
					D52922612205BE0A00508F94 = {
						CreatedOnToolsVersion = 10.1;
						TestTargetID = D529224D2205BE0700508F94;
					};
					D529226C2205BE0A00508F94 = {
						CreatedOnToolsVersion = 10.1;
						TestTargetID = D529224D2205BE0700508F94;
					};
				};
			};
			buildConfigurationList = D52922492205BE0700508F94 /* Build configuration list for PBXProject "Tinder" */;
			compatibilityVersion = "Xcode 9.3";
			developmentRegion = en;
			hasScannedForEncodings = 0;
			knownRegions = (
				en,
				Base,
			);
			mainGroup = D52922452205BE0700508F94;
			productRefGroup = D529224F2205BE0700508F94 /* Products */;
			projectDirPath = "";
			projectRoot = "";
			targets = (
				D529224D2205BE0700508F94 /* Tinder */,
				D52922612205BE0A00508F94 /* TinderTests */,
				D529226C2205BE0A00508F94 /* TinderUITests */,
			);
		};
/* End PBXProject section */

/* Begin PBXResourcesBuildPhase section */
		D529224C2205BE0700508F94 /* Resources */ = {
			isa = PBXResourcesBuildPhase;
			buildActionMask = 2147483647;
			files = (
				D529225C2205BE0900508F94 /* LaunchScreen.storyboard in Resources */,
				D52922592205BE0900508F94 /* Assets.xcassets in Resources */,
				D52922572205BE0700508F94 /* Main.storyboard in Resources */,
			);
			runOnlyForDeploymentPostprocessing = 0;
		};
		D52922602205BE0A00508F94 /* Resources */ = {
			isa = PBXResourcesBuildPhase;
			buildActionMask = 2147483647;
			files = (
			);
			runOnlyForDeploymentPostprocessing = 0;
		};
		D529226B2205BE0A00508F94 /* Resources */ = {
			isa = PBXResourcesBuildPhase;
			buildActionMask = 2147483647;
			files = (
			);
			runOnlyForDeploymentPostprocessing = 0;
		};
/* End PBXResourcesBuildPhase section */

/* Begin PBXSourcesBuildPhase section */
		D529224A2205BE0700508F94 /* Sources */ = {
			isa = PBXSourcesBuildPhase;
			buildActionMask = 2147483647;
			files = (
				D52922842205D39500508F94 /* HomeButtonStackViiew.swift in Sources */,
				D52922542205BE0700508F94 /* ViewController.swift in Sources */,
				D52922812205C3F100508F94 /* Extensions.swift in Sources */,
				D52922522205BE0700508F94 /* AppDelegate.swift in Sources */,
				D52922882205E61C00508F94 /* CardView.swift in Sources */,
				D52922862205DECE00508F94 /* TopNavigationStackView.swift in Sources */,
			);
			runOnlyForDeploymentPostprocessing = 0;
		};
		D529225E2205BE0A00508F94 /* Sources */ = {
			isa = PBXSourcesBuildPhase;
			buildActionMask = 2147483647;
			files = (
				D52922672205BE0A00508F94 /* TinderTests.swift in Sources */,
			);
			runOnlyForDeploymentPostprocessing = 0;
		};
		D52922692205BE0A00508F94 /* Sources */ = {
			isa = PBXSourcesBuildPhase;
			buildActionMask = 2147483647;
			files = (
				D52922722205BE0A00508F94 /* TinderUITests.swift in Sources */,
			);
			runOnlyForDeploymentPostprocessing = 0;
		};
/* End PBXSourcesBuildPhase section */

/* Begin PBXTargetDependency section */
		D52922642205BE0A00508F94 /* PBXTargetDependency */ = {
			isa = PBXTargetDependency;
			target = D529224D2205BE0700508F94 /* Tinder */;
			targetProxy = D52922632205BE0A00508F94 /* PBXContainerItemProxy */;
		};
		D529226F2205BE0A00508F94 /* PBXTargetDependency */ = {
			isa = PBXTargetDependency;
			target = D529224D2205BE0700508F94 /* Tinder */;
			targetProxy = D529226E2205BE0A00508F94 /* PBXContainerItemProxy */;
		};
/* End PBXTargetDependency section */

/* Begin PBXVariantGroup section */
		D52922552205BE0700508F94 /* Main.storyboard */ = {
			isa = PBXVariantGroup;
			children = (
				D52922562205BE0700508F94 /* Base */,
			);
			name = Main.storyboard;
			sourceTree = "<group>";
		};
		D529225A2205BE0900508F94 /* LaunchScreen.storyboard */ = {
			isa = PBXVariantGroup;
			children = (
				D529225B2205BE0900508F94 /* Base */,
			);
			name = LaunchScreen.storyboard;
			sourceTree = "<group>";
		};
/* End PBXVariantGroup section */

/* Begin XCBuildConfiguration section */
		D52922742205BE0A00508F94 /* Debug */ = {
			isa = XCBuildConfiguration;
			buildSettings = {
				ALWAYS_SEARCH_USER_PATHS = NO;
				CLANG_ANALYZER_NONNULL = YES;
				CLANG_ANALYZER_NUMBER_OBJECT_CONVERSION = YES_AGGRESSIVE;
				CLANG_CXX_LANGUAGE_STANDARD = "gnu++14";
				CLANG_CXX_LIBRARY = "libc++";
				CLANG_ENABLE_MODULES = YES;
				CLANG_ENABLE_OBJC_ARC = YES;
				CLANG_ENABLE_OBJC_WEAK = YES;
				CLANG_WARN_BLOCK_CAPTURE_AUTORELEASING = YES;
				CLANG_WARN_BOOL_CONVERSION = YES;
				CLANG_WARN_COMMA = YES;
				CLANG_WARN_CONSTANT_CONVERSION = YES;
				CLANG_WARN_DEPRECATED_OBJC_IMPLEMENTATIONS = YES;
				CLANG_WARN_DIRECT_OBJC_ISA_USAGE = YES_ERROR;
				CLANG_WARN_DOCUMENTATION_COMMENTS = YES;
				CLANG_WARN_EMPTY_BODY = YES;
				CLANG_WARN_ENUM_CONVERSION = YES;
				CLANG_WARN_INFINITE_RECURSION = YES;
				CLANG_WARN_INT_CONVERSION = YES;
				CLANG_WARN_NON_LITERAL_NULL_CONVERSION = YES;
				CLANG_WARN_OBJC_IMPLICIT_RETAIN_SELF = YES;
				CLANG_WARN_OBJC_LITERAL_CONVERSION = YES;
				CLANG_WARN_OBJC_ROOT_CLASS = YES_ERROR;
				CLANG_WARN_RANGE_LOOP_ANALYSIS = YES;
				CLANG_WARN_STRICT_PROTOTYPES = YES;
				CLANG_WARN_SUSPICIOUS_MOVE = YES;
				CLANG_WARN_UNGUARDED_AVAILABILITY = YES_AGGRESSIVE;
				CLANG_WARN_UNREACHABLE_CODE = YES;
				CLANG_WARN__DUPLICATE_METHOD_MATCH = YES;
				CODE_SIGN_IDENTITY = "iPhone Developer";
				COPY_PHASE_STRIP = NO;
				DEBUG_INFORMATION_FORMAT = dwarf;
				ENABLE_STRICT_OBJC_MSGSEND = YES;
				ENABLE_TESTABILITY = YES;
				GCC_C_LANGUAGE_STANDARD = gnu11;
				GCC_DYNAMIC_NO_PIC = NO;
				GCC_NO_COMMON_BLOCKS = YES;
				GCC_OPTIMIZATION_LEVEL = 0;
				GCC_PREPROCESSOR_DEFINITIONS = (
					"DEBUG=1",
					"$(inherited)",
				);
				GCC_WARN_64_TO_32_BIT_CONVERSION = YES;
				GCC_WARN_ABOUT_RETURN_TYPE = YES_ERROR;
				GCC_WARN_UNDECLARED_SELECTOR = YES;
				GCC_WARN_UNINITIALIZED_AUTOS = YES_AGGRESSIVE;
				GCC_WARN_UNUSED_FUNCTION = YES;
				GCC_WARN_UNUSED_VARIABLE = YES;
				IPHONEOS_DEPLOYMENT_TARGET = 12.1;
				MTL_ENABLE_DEBUG_INFO = INCLUDE_SOURCE;
				MTL_FAST_MATH = YES;
				ONLY_ACTIVE_ARCH = YES;
				SDKROOT = iphoneos;
				SWIFT_ACTIVE_COMPILATION_CONDITIONS = DEBUG;
				SWIFT_OPTIMIZATION_LEVEL = "-Onone";
			};
			name = Debug;
		};
		D52922752205BE0A00508F94 /* Release */ = {
			isa = XCBuildConfiguration;
			buildSettings = {
				ALWAYS_SEARCH_USER_PATHS = NO;
				CLANG_ANALYZER_NONNULL = YES;
				CLANG_ANALYZER_NUMBER_OBJECT_CONVERSION = YES_AGGRESSIVE;
				CLANG_CXX_LANGUAGE_STANDARD = "gnu++14";
				CLANG_CXX_LIBRARY = "libc++";
				CLANG_ENABLE_MODULES = YES;
				CLANG_ENABLE_OBJC_ARC = YES;
				CLANG_ENABLE_OBJC_WEAK = YES;
				CLANG_WARN_BLOCK_CAPTURE_AUTORELEASING = YES;
				CLANG_WARN_BOOL_CONVERSION = YES;
				CLANG_WARN_COMMA = YES;
				CLANG_WARN_CONSTANT_CONVERSION = YES;
				CLANG_WARN_DEPRECATED_OBJC_IMPLEMENTATIONS = YES;
				CLANG_WARN_DIRECT_OBJC_ISA_USAGE = YES_ERROR;
				CLANG_WARN_DOCUMENTATION_COMMENTS = YES;
				CLANG_WARN_EMPTY_BODY = YES;
				CLANG_WARN_ENUM_CONVERSION = YES;
				CLANG_WARN_INFINITE_RECURSION = YES;
				CLANG_WARN_INT_CONVERSION = YES;
				CLANG_WARN_NON_LITERAL_NULL_CONVERSION = YES;
				CLANG_WARN_OBJC_IMPLICIT_RETAIN_SELF = YES;
				CLANG_WARN_OBJC_LITERAL_CONVERSION = YES;
				CLANG_WARN_OBJC_ROOT_CLASS = YES_ERROR;
				CLANG_WARN_RANGE_LOOP_ANALYSIS = YES;
				CLANG_WARN_STRICT_PROTOTYPES = YES;
				CLANG_WARN_SUSPICIOUS_MOVE = YES;
				CLANG_WARN_UNGUARDED_AVAILABILITY = YES_AGGRESSIVE;
				CLANG_WARN_UNREACHABLE_CODE = YES;
				CLANG_WARN__DUPLICATE_METHOD_MATCH = YES;
				CODE_SIGN_IDENTITY = "iPhone Developer";
				COPY_PHASE_STRIP = NO;
				DEBUG_INFORMATION_FORMAT = "dwarf-with-dsym";
				ENABLE_NS_ASSERTIONS = NO;
				ENABLE_STRICT_OBJC_MSGSEND = YES;
				GCC_C_LANGUAGE_STANDARD = gnu11;
				GCC_NO_COMMON_BLOCKS = YES;
				GCC_WARN_64_TO_32_BIT_CONVERSION = YES;
				GCC_WARN_ABOUT_RETURN_TYPE = YES_ERROR;
				GCC_WARN_UNDECLARED_SELECTOR = YES;
				GCC_WARN_UNINITIALIZED_AUTOS = YES_AGGRESSIVE;
				GCC_WARN_UNUSED_FUNCTION = YES;
				GCC_WARN_UNUSED_VARIABLE = YES;
				IPHONEOS_DEPLOYMENT_TARGET = 12.1;
				MTL_ENABLE_DEBUG_INFO = NO;
				MTL_FAST_MATH = YES;
				SDKROOT = iphoneos;
				SWIFT_COMPILATION_MODE = wholemodule;
				SWIFT_OPTIMIZATION_LEVEL = "-O";
				VALIDATE_PRODUCT = YES;
			};
			name = Release;
		};
		D52922772205BE0A00508F94 /* Debug */ = {
			isa = XCBuildConfiguration;
			buildSettings = {
				ASSETCATALOG_COMPILER_APPICON_NAME = AppIcon;
				CODE_SIGN_STYLE = Automatic;
				DEVELOPMENT_TEAM = WBAYC89FWA;
				INFOPLIST_FILE = Tinder/Info.plist;
				IPHONEOS_DEPLOYMENT_TARGET = 11.0;
				LD_RUNPATH_SEARCH_PATHS = (
					"$(inherited)",
					"@executable_path/Frameworks",
				);
				PRODUCT_BUNDLE_IDENTIFIER = "com.daniil-vereschagiin.Tinder";
				PRODUCT_NAME = "$(TARGET_NAME)";
				SWIFT_VERSION = 4.2;
				TARGETED_DEVICE_FAMILY = "1,2";
			};
			name = Debug;
		};
		D52922782205BE0A00508F94 /* Release */ = {
			isa = XCBuildConfiguration;
			buildSettings = {
				ASSETCATALOG_COMPILER_APPICON_NAME = AppIcon;
				CODE_SIGN_STYLE = Automatic;
				DEVELOPMENT_TEAM = WBAYC89FWA;
				INFOPLIST_FILE = Tinder/Info.plist;
				IPHONEOS_DEPLOYMENT_TARGET = 11.0;
				LD_RUNPATH_SEARCH_PATHS = (
					"$(inherited)",
					"@executable_path/Frameworks",
				);
				PRODUCT_BUNDLE_IDENTIFIER = "com.daniil-vereschagiin.Tinder";
				PRODUCT_NAME = "$(TARGET_NAME)";
				SWIFT_VERSION = 4.2;
				TARGETED_DEVICE_FAMILY = "1,2";
			};
			name = Release;
		};
		D529227A2205BE0A00508F94 /* Debug */ = {
			isa = XCBuildConfiguration;
			buildSettings = {
				ALWAYS_EMBED_SWIFT_STANDARD_LIBRARIES = YES;
				BUNDLE_LOADER = "$(TEST_HOST)";
				CODE_SIGN_STYLE = Automatic;
				INFOPLIST_FILE = TinderTests/Info.plist;
				LD_RUNPATH_SEARCH_PATHS = (
					"$(inherited)",
					"@executable_path/Frameworks",
					"@loader_path/Frameworks",
				);
				PRODUCT_BUNDLE_IDENTIFIER = "com.daniil-vereschagiin.TinderTests";
				PRODUCT_NAME = "$(TARGET_NAME)";
				SWIFT_VERSION = 4.2;
				TARGETED_DEVICE_FAMILY = "1,2";
				TEST_HOST = "$(BUILT_PRODUCTS_DIR)/Tinder.app/Tinder";
			};
			name = Debug;
		};
		D529227B2205BE0A00508F94 /* Release */ = {
			isa = XCBuildConfiguration;
			buildSettings = {
				ALWAYS_EMBED_SWIFT_STANDARD_LIBRARIES = YES;
				BUNDLE_LOADER = "$(TEST_HOST)";
				CODE_SIGN_STYLE = Automatic;
				INFOPLIST_FILE = TinderTests/Info.plist;
				LD_RUNPATH_SEARCH_PATHS = (
					"$(inherited)",
					"@executable_path/Frameworks",
					"@loader_path/Frameworks",
				);
				PRODUCT_BUNDLE_IDENTIFIER = "com.daniil-vereschagiin.TinderTests";
				PRODUCT_NAME = "$(TARGET_NAME)";
				SWIFT_VERSION = 4.2;
				TARGETED_DEVICE_FAMILY = "1,2";
				TEST_HOST = "$(BUILT_PRODUCTS_DIR)/Tinder.app/Tinder";
			};
			name = Release;
		};
		D529227D2205BE0A00508F94 /* Debug */ = {
			isa = XCBuildConfiguration;
			buildSettings = {
				ALWAYS_EMBED_SWIFT_STANDARD_LIBRARIES = YES;
				CODE_SIGN_STYLE = Automatic;
				INFOPLIST_FILE = TinderUITests/Info.plist;
				LD_RUNPATH_SEARCH_PATHS = (
					"$(inherited)",
					"@executable_path/Frameworks",
					"@loader_path/Frameworks",
				);
				PRODUCT_BUNDLE_IDENTIFIER = "com.daniil-vereschagiin.TinderUITests";
				PRODUCT_NAME = "$(TARGET_NAME)";
				SWIFT_VERSION = 4.2;
				TARGETED_DEVICE_FAMILY = "1,2";
				TEST_TARGET_NAME = Tinder;
			};
			name = Debug;
		};
		D529227E2205BE0A00508F94 /* Release */ = {
			isa = XCBuildConfiguration;
			buildSettings = {
				ALWAYS_EMBED_SWIFT_STANDARD_LIBRARIES = YES;
				CODE_SIGN_STYLE = Automatic;
				INFOPLIST_FILE = TinderUITests/Info.plist;
				LD_RUNPATH_SEARCH_PATHS = (
					"$(inherited)",
					"@executable_path/Frameworks",
					"@loader_path/Frameworks",
				);
				PRODUCT_BUNDLE_IDENTIFIER = "com.daniil-vereschagiin.TinderUITests";
				PRODUCT_NAME = "$(TARGET_NAME)";
				SWIFT_VERSION = 4.2;
				TARGETED_DEVICE_FAMILY = "1,2";
				TEST_TARGET_NAME = Tinder;
			};
			name = Release;
		};
/* End XCBuildConfiguration section */

/* Begin XCConfigurationList section */
		D52922492205BE0700508F94 /* Build configuration list for PBXProject "Tinder" */ = {
			isa = XCConfigurationList;
			buildConfigurations = (
				D52922742205BE0A00508F94 /* Debug */,
				D52922752205BE0A00508F94 /* Release */,
			);
			defaultConfigurationIsVisible = 0;
			defaultConfigurationName = Release;
		};
		D52922762205BE0A00508F94 /* Build configuration list for PBXNativeTarget "Tinder" */ = {
			isa = XCConfigurationList;
			buildConfigurations = (
				D52922772205BE0A00508F94 /* Debug */,
				D52922782205BE0A00508F94 /* Release */,
			);
			defaultConfigurationIsVisible = 0;
			defaultConfigurationName = Release;
		};
		D52922792205BE0A00508F94 /* Build configuration list for PBXNativeTarget "TinderTests" */ = {
			isa = XCConfigurationList;
			buildConfigurations = (
				D529227A2205BE0A00508F94 /* Debug */,
				D529227B2205BE0A00508F94 /* Release */,
			);
			defaultConfigurationIsVisible = 0;
			defaultConfigurationName = Release;
		};
		D529227C2205BE0A00508F94 /* Build configuration list for PBXNativeTarget "TinderUITests" */ = {
			isa = XCConfigurationList;
			buildConfigurations = (
				D529227D2205BE0A00508F94 /* Debug */,
				D529227E2205BE0A00508F94 /* Release */,
			);
			defaultConfigurationIsVisible = 0;
			defaultConfigurationName = Release;
		};
/* End XCConfigurationList section */
	};
	rootObject = D52922462205BE0700508F94 /* Project object */;
}
